
Microsoft Visual Studio Solution File, Format Version 12.00
# Visual Studio Version 17
VisualStudioVersion = 17.14.36310.24
MinimumVisualStudioVersion = 10.0.40219.1
Project("{FAE04EC0-301F-11D3-BF4B-00C04F79EFBC}") = "DomainLayer", "DomainLayer.csproj", "{D0AE5F17-928A-4D37-B63D-2A42AB04ACF9}"
EndProject
Project("{FAE04EC0-301F-11D3-BF4B-00C04F79EFBC}") = "ApplicationLayer", "..\ApplicationLayer\ApplicationLayer.csproj", "{27A8F522-F57D-472D-8AED-A7FE317AE4C6}"
EndProject
Project("{FAE04EC0-301F-11D3-BF4B-00C04F79EFBC}") = "InfrastructureLayer", "..\InfrastructureLayer\InfrastructureLayer.csproj", "{B13F2478-0F35-4F90-A934-EBCC815664E8}"
EndProject
Project("{FAE04EC0-301F-11D3-BF4B-00C04F79EFBC}") = "Shared", "..\SharedLayer\Shared.csproj", "{77B83DCE-7E17-47FC-954D-37A9839342C7}"
EndProject
Project("{FAE04EC0-301F-11D3-BF4B-00C04F79EFBC}") = "BlazorClient", "..\BlazorClient\BlazorClient.csproj", "{84015933-EE59-4200-92BF-5EC65EE149DE}"
EndProject
Project("{FAE04EC0-301F-11D3-BF4B-00C04F79EFBC}") = "ApiLayer", "..\ApiLayer\ApiLayer.csproj", "{FD1AE836-FFB3-41B7-9D45-0F24CF9CC1AB}"
EndProject
Project("{FAE04EC0-301F-11D3-BF4B-00C04F79EFBC}") = "TestDept", "..\TestDept\TestDept.csproj", "{7E03A208-7365-4689-9922-A90E63C888D6}"
EndProject
Global
	GlobalSection(SolutionConfigurationPlatforms) = preSolution
		Debug|Any CPU = Debug|Any CPU
		Release|Any CPU = Release|Any CPU
	EndGlobalSection
	GlobalSection(ProjectConfigurationPlatforms) = postSolution
		{D0AE5F17-928A-4D37-B63D-2A42AB04ACF9}.Debug|Any CPU.ActiveCfg = Debug|Any CPU
		{D0AE5F17-928A-4D37-B63D-2A42AB04ACF9}.Debug|Any CPU.Build.0 = Debug|Any CPU
		{D0AE5F17-928A-4D37-B63D-2A42AB04ACF9}.Release|Any CPU.ActiveCfg = Release|Any CPU
		{D0AE5F17-928A-4D37-B63D-2A42AB04ACF9}.Release|Any CPU.Build.0 = Release|Any CPU
		{27A8F522-F57D-472D-8AED-A7FE317AE4C6}.Debug|Any CPU.ActiveCfg = Debug|Any CPU
		{27A8F522-F57D-472D-8AED-A7FE317AE4C6}.Debug|Any CPU.Build.0 = Debug|Any CPU
		{27A8F522-F57D-472D-8AED-A7FE317AE4C6}.Release|Any CPU.ActiveCfg = Release|Any CPU
		{27A8F522-F57D-472D-8AED-A7FE317AE4C6}.Release|Any CPU.Build.0 = Release|Any CPU
		{B13F2478-0F35-4F90-A934-EBCC815664E8}.Debug|Any CPU.ActiveCfg = Debug|Any CPU
		{B13F2478-0F35-4F90-A934-EBCC815664E8}.Debug|Any CPU.Build.0 = Debug|Any CPU
		{B13F2478-0F35-4F90-A934-EBCC815664E8}.Release|Any CPU.ActiveCfg = Release|Any CPU
		{B13F2478-0F35-4F90-A934-EBCC815664E8}.Release|Any CPU.Build.0 = Release|Any CPU
		{77B83DCE-7E17-47FC-954D-37A9839342C7}.Debug|Any CPU.ActiveCfg = Debug|Any CPU
		{77B83DCE-7E17-47FC-954D-37A9839342C7}.Debug|Any CPU.Build.0 = Debug|Any CPU
		{77B83DCE-7E17-47FC-954D-37A9839342C7}.Release|Any CPU.ActiveCfg = Release|Any CPU
		{77B83DCE-7E17-47FC-954D-37A9839342C7}.Release|Any CPU.Build.0 = Release|Any CPU
		{84015933-EE59-4200-92BF-5EC65EE149DE}.Debug|Any CPU.ActiveCfg = Debug|Any CPU
		{84015933-EE59-4200-92BF-5EC65EE149DE}.Debug|Any CPU.Build.0 = Debug|Any CPU
		{84015933-EE59-4200-92BF-5EC65EE149DE}.Release|Any CPU.ActiveCfg = Release|Any CPU
		{84015933-EE59-4200-92BF-5EC65EE149DE}.Release|Any CPU.Build.0 = Release|Any CPU
		{FD1AE836-FFB3-41B7-9D45-0F24CF9CC1AB}.Debug|Any CPU.ActiveCfg = Debug|Any CPU
		{FD1AE836-FFB3-41B7-9D45-0F24CF9CC1AB}.Debug|Any CPU.Build.0 = Debug|Any CPU
		{FD1AE836-FFB3-41B7-9D45-0F24CF9CC1AB}.Release|Any CPU.ActiveCfg = Release|Any CPU
		{FD1AE836-FFB3-41B7-9D45-0F24CF9CC1AB}.Release|Any CPU.Build.0 = Release|Any CPU
		{7E03A208-7365-4689-9922-A90E63C888D6}.Debug|Any CPU.ActiveCfg = Debug|Any CPU
		{7E03A208-7365-4689-9922-A90E63C888D6}.Debug|Any CPU.Build.0 = Debug|Any CPU
		{7E03A208-7365-4689-9922-A90E63C888D6}.Release|Any CPU.ActiveCfg = Release|Any CPU
		{7E03A208-7365-4689-9922-A90E63C888D6}.Release|Any CPU.Build.0 = Release|Any CPU
	EndGlobalSection
	GlobalSection(SolutionProperties) = preSolution
		HideSolutionNode = FALSE
	EndGlobalSection
	GlobalSection(ExtensibilityGlobals) = postSolution
		SolutionGuid = {99FCBE14-B17F-4D84-BCF1-D2A20AE13FF7}
	EndGlobalSection
EndGlobal
